{
  "lockfileVersion": 1,
  "configVersion": 1,
  "workspaces": {
    "": {
      "name": "agents-usage",
      "dependencies": {
        "@napi-rs/canvas": "^0.1.96",
      },
      "devDependencies": {
        "@types/bun": "latest",
      },
      "peerDependencies": {
        "typescript": "^5",
      },
    },
  },
  "packages": {
    "@napi-rs/canvas": ["@napi-rs/canvas@0.1.96", "", { "optionalDependencies": { "@napi-rs/canvas-android-arm64": "0.1.96", "@napi-rs/canvas-darwin-arm64": "0.1.96", "@napi-rs/canvas-darwin-x64": "0.1.96", "@napi-rs/canvas-linux-arm-gnueabihf": "0.1.96", "@napi-rs/canvas-linux-arm64-gnu": "0.1.96", "@napi-rs/canvas-linux-arm64-musl": "0.1.96", "@napi-rs/canvas-linux-riscv64-gnu": "0.1.96", "@napi-rs/canvas-linux-x64-gnu": "0.1.96", "@napi-rs/canvas-linux-x64-musl": "0.1.96", "@napi-rs/canvas-win32-arm64-msvc": "0.1.96", "@napi-rs/canvas-win32-x64-msvc": "0.1.96" } }, "sha512-6NNmNxvoJKeucVjxaaRUt3La2i5jShgiAbaY3G/72s1Vp3U06XPrAIxkAjBxpDcamEn/t+WJ4OOlGmvILo4/Ew=="],

    "@napi-rs/canvas-android-arm64": ["@napi-rs/canvas-android-arm64@0.1.96", "", { "os": "android", "cpu": "arm64" }, "sha512-ew1sPrN3dGdZ3L4FoohPfnjq0f9/Jk7o+wP7HkQZokcXgIUD6FIyICEWGhMYzv53j63wUcPvZeAwgewX58/egg=="],

    "@napi-rs/canvas-darwin-arm64": ["@napi-rs/canvas-darwin-arm64@0.1.96", "", { "os": "darwin", "cpu": "arm64" }, "sha512-Q/wOXZ5PzTqpdmA5eUOcegCf4Go/zz3aZ5DlzSeDpOjFmfwMKh8EzLAoweQ+mJVagcHQyzoJhaTEnrO68TNyNg=="],

    "@napi-rs/canvas-darwin-x64": ["@napi-rs/canvas-darwin-x64@0.1.96", "", { "os": "darwin", "cpu": "x64" }, "sha512-UrXiQz28tQEvGM1qvyptewOAfmUrrd5+wvi6Rzjj2VprZI8iZ2KIvBD2lTTG1bVF95AbeDeG7PJA0D9sLKaOFA=="],

    "@napi-rs/canvas-linux-arm-gnueabihf": ["@napi-rs/canvas-linux-arm-gnueabihf@0.1.96", "", { "os": "linux", "cpu": "arm" }, "sha512-I90ODxweD8aEP6XKU/NU+biso95MwCtQ2F46dUvhec1HesFi0tq/tAJkYic/1aBSiO/1kGKmSeD1B0duOHhEHQ=="],

    "@napi-rs/canvas-linux-arm64-gnu": ["@napi-rs/canvas-linux-arm64-gnu@0.1.96", "", { "os": "linux", "cpu": "arm64" }, "sha512-Dx/0+RFV++w3PcRy+4xNXkghhXjA5d0Mw1bs95emn5Llinp1vihMaA6WJt3oYv2LAHc36+gnrhIBsPhUyI2SGw=="],

    "@napi-rs/canvas-linux-arm64-musl": ["@napi-rs/canvas-linux-arm64-musl@0.1.96", "", { "os": "linux", "cpu": "arm64" }, "sha512-UvOi7fii3IE2KDfEfhh8m+LpzSRvhGK7o1eho99M2M0HTik11k3GX+2qgVx9EtujN3/bhFFS1kSO3+vPMaJ0Mg=="],

    "@napi-rs/canvas-linux-riscv64-gnu": ["@napi-rs/canvas-linux-riscv64-gnu@0.1.96", "", { "os": "linux", "cpu": "none" }, "sha512-MBSukhGCQ5nRtf9NbFYWOU080yqkZU1PbuH4o1ROvB4CbPl12fchDR35tU83Wz8gWIM9JTn99lBn9DenPIv7Ig=="],

    "@napi-rs/canvas-linux-x64-gnu": ["@napi-rs/canvas-linux-x64-gnu@0.1.96", "", { "os": "linux", "cpu": "x64" }, "sha512-I/ccu2SstyKiV3HIeVzyBIWfrJo8cN7+MSQZPnabewWV6hfJ2nY7Df2WqOHmobBRUw84uGR6zfQHsUEio/m5Vg=="],

    "@napi-rs/canvas-linux-x64-musl": ["@napi-rs/canvas-linux-x64-musl@0.1.96", "", { "os": "linux", "cpu": "x64" }, "sha512-H3uov7qnTl73GDT4h52lAqpJPsl1tIUyNPWJyhQ6gHakohNqqRq3uf80+NEpzcytKGEOENP1wX3yGwZxhjiWEQ=="],

    "@napi-rs/canvas-win32-arm64-msvc": ["@napi-rs/canvas-win32-arm64-msvc@0.1.96", "", { "os": "win32", "cpu": "arm64" }, "sha512-ATp6Y+djOjYtkfV/VRH7CZ8I1MEtkUQBmKUbuWw5zWEHHqfL0cEcInE4Cxgx7zkNAhEdBbnH8HMVrqNp+/gwxA=="],

    "@napi-rs/canvas-win32-x64-msvc": ["@napi-rs/canvas-win32-x64-msvc@0.1.96", "", { "os": "win32", "cpu": "x64" }, "sha512-UYGdTltVd+Z8mcIuoqGmAXXUvwH5CLf2M6mIB5B0/JmX5J041jETjqtSYl7gN+aj3k1by/SG6sS0hAwCqyK7zw=="],

    "@types/bun": ["@types/bun@1.3.10", "", { "dependencies": { "bun-types": "1.3.10" } }, "sha512-0+rlrUrOrTSskibryHbvQkDOWRJwJZqZlxrUs1u4oOoTln8+WIXBPmAuCF35SWB2z4Zl3E84Nl/D0P7803nigQ=="],

    "@types/node": ["@types/node@25.5.0", "", { "dependencies": { "undici-types": "~7.18.0" } }, "sha512-jp2P3tQMSxWugkCUKLRPVUpGaL5MVFwF8RDuSRztfwgN1wmqJeMSbKlnEtQqU8UrhTmzEmZdu2I6v2dpp7XIxw=="],

    "bun-types": ["bun-types@1.3.10", "", { "dependencies": { "@types/node": "*" } }, "sha512-tcpfCCl6XWo6nCVnpcVrxQ+9AYN1iqMIzgrSKYMB/fjLtV2eyAVEg7AxQJuCq/26R6HpKWykQXuSOq/21RYcbg=="],

    "typescript": ["typescript@5.9.3", "", { "bin": { "tsc": "bin/tsc", "tsserver": "bin/tsserver" } }, "sha512-jl1vZzPDinLr9eUt3J/t7V6FgNEw9QjvBPdysz9KfQDD41fQrC2Y4vKQdiaUpFT4bXlb1RHhLpp8wtm6M5TgSw=="],

    "undici-types": ["undici-types@7.18.2", "", {}, "sha512-AsuCzffGHJybSaRrmr5eHr81mwJU3kjw6M+uprWvCXiNeN9SOGwQ3Jn8jb8m3Z6izVgknn1R0FTCEAP2QrLY/w=="],
  }
}
